schema: '2.0'
stages:
  load_raw_data:
    cmd: python source/load_raw_data.py
    deps:
    - path: source/load_raw_data.py
      hash: md5
      md5: 5fe74d547fe917f7bad8ff4d32b65c5e
      size: 634
    params:
      params.yaml:
        dataset.name: DBD-research-group/BirdSet
        dataset.sampling_rate: 32000
        dataset.split: train
        dataset.subset: HSN_xc
        general.random_seed: 42
    outs:
    - path: data/raw_datasets/HSN_xc
      hash: md5
      md5: d01d5e89fb41f6b671e7899f6bd2683b.dir
      size: 6165234713
      nfiles: 10
  mix_audio:
    cmd: python source/mix_audio.py
    deps:
    - path: data/raw_datasets/HSN_xc
      hash: md5
      md5: d01d5e89fb41f6b671e7899f6bd2683b.dir
      size: 6165234713
      nfiles: 10
    - path: source/mix_audio.py
      hash: md5
      md5: e245e4ec80142d2c19c1c102bda53344
      size: 6469
    params:
      params.yaml:
        dataset.max_polyphony_degree: 7
        dataset.name: DBD-research-group/BirdSet
        dataset.sampling_rate: 32000
        dataset.segment_duration: 5
        dataset.split: train
        general.random_seed: 42
    outs:
    - path: data/polyphonic_datasets/HSN_xc_polyphonic
      hash: md5
      md5: 63d6524ade3b2d57d370b4bb51def20c.dir
      size: 319473869
      nfiles: 3
  preprocess:
    cmd: python source/preprocess.py
    deps:
    - path: data/polyphonic_datasets/HSN_xc_polyphonic
      hash: md5
      md5: 63d6524ade3b2d57d370b4bb51def20c.dir
      size: 319473869
      nfiles: 3
    - path: source/preprocess.py
      hash: md5
      md5: 59e52bfbfe26c5621bc9604f794f95ee
      size: 3735
    params:
      params.yaml:
        embeddings.feature: audio
        embeddings.models:
        - perch_8
        - yamnet
    outs:
    - path: data/preprocessed_datasets/HSN_xc_preprocessed
      hash: md5
      md5: 9c25ef4018f74898b8a71e373eb5da27.dir
      size: 322820447
      nfiles: 3
  train:
    cmd: python source/train.py
    deps:
    - path: data/preprocessed_datasets/HSN_xc_preprocessed
      hash: md5
      md5: 9c25ef4018f74898b8a71e373eb5da27.dir
      size: 322820447
      nfiles: 3
    - path: source/train.py
      hash: md5
      md5: d568e44b586795ad9fe490e8d520f07e
      size: 3843
    params:
      params.yaml:
        general.random_seed: 42
        train.batch_size: 32
        train.epochs: 5
        train.features: perch_8_embeddings
        train.labels: polyphony_degree
        train.pooling_strategy: mean
        train.test_split: 0.1
        train.val_split: 0.1
